// !$*UTF8*$!
{
	archiveVersion = 1;
	classes = {
	};
	objectVersion = 56;
	objects = {

/* Begin PBXBuildFile section */
		840BD7352B8883F90006C9F0 /* AppDelegate.swift in Sources */ = {isa = PBXBuildFile; fileRef = 840BD7342B8883F90006C9F0 /* AppDelegate.swift */; };
		840BD7372B8883F90006C9F0 /* SceneDelegate.swift in Sources */ = {isa = PBXBuildFile; fileRef = 840BD7362B8883F90006C9F0 /* SceneDelegate.swift */; };
		840BD7392B8883F90006C9F0 /* HomeViewController.swift in Sources */ = {isa = PBXBuildFile; fileRef = 840BD7382B8883F90006C9F0 /* HomeViewController.swift */; };
		840BD73C2B8883F90006C9F0 /* Main.storyboard in Resources */ = {isa = PBXBuildFile; fileRef = 840BD73A2B8883F90006C9F0 /* Main.storyboard */; };
		840BD73E2B8883FA0006C9F0 /* Assets.xcassets in Resources */ = {isa = PBXBuildFile; fileRef = 840BD73D2B8883FA0006C9F0 /* Assets.xcassets */; };
		840BD7412B8883FA0006C9F0 /* LaunchScreen.storyboard in Resources */ = {isa = PBXBuildFile; fileRef = 840BD73F2B8883FA0006C9F0 /* LaunchScreen.storyboard */; };
		840BD74C2B8883FA0006C9F0 /* BT_Photos_AssessmentTests.swift in Sources */ = {isa = PBXBuildFile; fileRef = 840BD74B2B8883FA0006C9F0 /* BT_Photos_AssessmentTests.swift */; };
		840BD7562B8883FA0006C9F0 /* BT_Photos_AssessmentUITests.swift in Sources */ = {isa = PBXBuildFile; fileRef = 840BD7552B8883FA0006C9F0 /* BT_Photos_AssessmentUITests.swift */; };
		840BD7582B8883FA0006C9F0 /* BT_Photos_AssessmentUITestsLaunchTests.swift in Sources */ = {isa = PBXBuildFile; fileRef = 840BD7572B8883FA0006C9F0 /* BT_Photos_AssessmentUITestsLaunchTests.swift */; };
		840BD7662B8887F10006C9F0 /* PhotoCollectionViewCell.swift in Sources */ = {isa = PBXBuildFile; fileRef = 840BD7642B8887F10006C9F0 /* PhotoCollectionViewCell.swift */; };
		840BD7672B8887F10006C9F0 /* PhotoCollectionViewCell.xib in Resources */ = {isa = PBXBuildFile; fileRef = 840BD7652B8887F10006C9F0 /* PhotoCollectionViewCell.xib */; };
		840BD7692B888C080006C9F0 /* DetailsViewController.swift in Sources */ = {isa = PBXBuildFile; fileRef = 840BD7682B888C080006C9F0 /* DetailsViewController.swift */; };
		840BD76B2B889CA70006C9F0 /* PhotosModel.swift in Sources */ = {isa = PBXBuildFile; fileRef = 840BD76A2B889CA70006C9F0 /* PhotosModel.swift */; };
		840BD76D2B889CB40006C9F0 /* NetworkManager.swift in Sources */ = {isa = PBXBuildFile; fileRef = 840BD76C2B889CB40006C9F0 /* NetworkManager.swift */; };
		840BD76F2B889CCA0006C9F0 /* PhotosViewModel.swift in Sources */ = {isa = PBXBuildFile; fileRef = 840BD76E2B889CCA0006C9F0 /* PhotosViewModel.swift */; };
/* End PBXBuildFile section */

/* Begin PBXContainerItemProxy section */
		840BD7482B8883FA0006C9F0 /* PBXContainerItemProxy */ = {
			isa = PBXContainerItemProxy;
			containerPortal = 840BD7292B8883F90006C9F0 /* Project object */;
			proxyType = 1;
			remoteGlobalIDString = 840BD7302B8883F90006C9F0;
			remoteInfo = "BT-Photos-Assessment";
		};
		840BD7522B8883FA0006C9F0 /* PBXContainerItemProxy */ = {
			isa = PBXContainerItemProxy;
			containerPortal = 840BD7292B8883F90006C9F0 /* Project object */;
			proxyType = 1;
			remoteGlobalIDString = 840BD7302B8883F90006C9F0;
			remoteInfo = "BT-Photos-Assessment";
		};
/* End PBXContainerItemProxy section */

/* Begin PBXFileReference section */
		840BD7312B8883F90006C9F0 /* BT-Photos-Assessment.app */ = {isa = PBXFileReference; explicitFileType = wrapper.application; includeInIndex = 0; path = "BT-Photos-Assessment.app"; sourceTree = BUILT_PRODUCTS_DIR; };
		840BD7342B8883F90006C9F0 /* AppDelegate.swift */ = {isa = PBXFileReference; lastKnownFileType = sourcecode.swift; path = AppDelegate.swift; sourceTree = "<group>"; };
		840BD7362B8883F90006C9F0 /* SceneDelegate.swift */ = {isa = PBXFileReference; lastKnownFileType = sourcecode.swift; path = SceneDelegate.swift; sourceTree = "<group>"; };
		840BD7382B8883F90006C9F0 /* HomeViewController.swift */ = {isa = PBXFileReference; lastKnownFileType = sourcecode.swift; path = HomeViewController.swift; sourceTree = "<group>"; };
		840BD73B2B8883F90006C9F0 /* Base */ = {isa = PBXFileReference; lastKnownFileType = file.storyboard; name = Base; path = Base.lproj/Main.storyboard; sourceTree = "<group>"; };
		840BD73D2B8883FA0006C9F0 /* Assets.xcassets */ = {isa = PBXFileReference; lastKnownFileType = folder.assetcatalog; path = Assets.xcassets; sourceTree = "<group>"; };
		840BD7402B8883FA0006C9F0 /* Base */ = {isa = PBXFileReference; lastKnownFileType = file.storyboard; name = Base; path = Base.lproj/LaunchScreen.storyboard; sourceTree = "<group>"; };
		840BD7422B8883FA0006C9F0 /* Info.plist */ = {isa = PBXFileReference; lastKnownFileType = text.plist.xml; path = Info.plist; sourceTree = "<group>"; };
		840BD7472B8883FA0006C9F0 /* BT-Photos-AssessmentTests.xctest */ = {isa = PBXFileReference; explicitFileType = wrapper.cfbundle; includeInIndex = 0; path = "BT-Photos-AssessmentTests.xctest"; sourceTree = BUILT_PRODUCTS_DIR; };
		840BD74B2B8883FA0006C9F0 /* BT_Photos_AssessmentTests.swift */ = {isa = PBXFileReference; lastKnownFileType = sourcecode.swift; path = BT_Photos_AssessmentTests.swift; sourceTree = "<group>"; };
		840BD7512B8883FA0006C9F0 /* BT-Photos-AssessmentUITests.xctest */ = {isa = PBXFileReference; explicitFileType = wrapper.cfbundle; includeInIndex = 0; path = "BT-Photos-AssessmentUITests.xctest"; sourceTree = BUILT_PRODUCTS_DIR; };
		840BD7552B8883FA0006C9F0 /* BT_Photos_AssessmentUITests.swift */ = {isa = PBXFileReference; lastKnownFileType = sourcecode.swift; path = BT_Photos_AssessmentUITests.swift; sourceTree = "<group>"; };
		840BD7572B8883FA0006C9F0 /* BT_Photos_AssessmentUITestsLaunchTests.swift */ = {isa = PBXFileReference; lastKnownFileType = sourcecode.swift; path = BT_Photos_AssessmentUITestsLaunchTests.swift; sourceTree = "<group>"; };
		840BD7642B8887F10006C9F0 /* PhotoCollectionViewCell.swift */ = {isa = PBXFileReference; lastKnownFileType = sourcecode.swift; path = PhotoCollectionViewCell.swift; sourceTree = "<group>"; };
		840BD7652B8887F10006C9F0 /* PhotoCollectionViewCell.xib */ = {isa = PBXFileReference; lastKnownFileType = file.xib; path = PhotoCollectionViewCell.xib; sourceTree = "<group>"; };
		840BD7682B888C080006C9F0 /* DetailsViewController.swift */ = {isa = PBXFileReference; lastKnownFileType = sourcecode.swift; path = DetailsViewController.swift; sourceTree = "<group>"; };
		840BD76A2B889CA70006C9F0 /* PhotosModel.swift */ = {isa = PBXFileReference; lastKnownFileType = sourcecode.swift; path = PhotosModel.swift; sourceTree = "<group>"; };
		840BD76C2B889CB40006C9F0 /* NetworkManager.swift */ = {isa = PBXFileReference; lastKnownFileType = sourcecode.swift; path = NetworkManager.swift; sourceTree = "<group>"; };
		840BD76E2B889CCA0006C9F0 /* PhotosViewModel.swift */ = {isa = PBXFileReference; lastKnownFileType = sourcecode.swift; path = PhotosViewModel.swift; sourceTree = "<group>"; };
/* End PBXFileReference section */

/* Begin PBXFrameworksBuildPhase section */
		840BD72E2B8883F90006C9F0 /* Frameworks */ = {
			isa = PBXFrameworksBuildPhase;
			buildActionMask = 2147483647;
			files = (
			);
			runOnlyForDeploymentPostprocessing = 0;
		};
		840BD7442B8883FA0006C9F0 /* Frameworks */ = {
			isa = PBXFrameworksBuildPhase;
			buildActionMask = 2147483647;
			files = (
			);
			runOnlyForDeploymentPostprocessing = 0;
		};
		840BD74E2B8883FA0006C9F0 /* Frameworks */ = {
			isa = PBXFrameworksBuildPhase;
			buildActionMask = 2147483647;
			files = (
			);
			runOnlyForDeploymentPostprocessing = 0;
		};
/* End PBXFrameworksBuildPhase section */

/* Begin PBXGroup section */
		840BD7282B8883F90006C9F0 = {
			isa = PBXGroup;
			children = (
				840BD7332B8883F90006C9F0 /* BT-Photos-Assessment */,
				840BD74A2B8883FA0006C9F0 /* BT-Photos-AssessmentTests */,
				840BD7542B8883FA0006C9F0 /* BT-Photos-AssessmentUITests */,
				840BD7322B8883F90006C9F0 /* Products */,
			);
			sourceTree = "<group>";
		};
		840BD7322B8883F90006C9F0 /* Products */ = {
			isa = PBXGroup;
			children = (
				840BD7312B8883F90006C9F0 /* BT-Photos-Assessment.app */,
				840BD7472B8883FA0006C9F0 /* BT-Photos-AssessmentTests.xctest */,
				840BD7512B8883FA0006C9F0 /* BT-Photos-AssessmentUITests.xctest */,
			);
			name = Products;
			sourceTree = "<group>";
		};
		840BD7332B8883F90006C9F0 /* BT-Photos-Assessment */ = {
			isa = PBXGroup;
			children = (
				840BD7342B8883F90006C9F0 /* AppDelegate.swift */,
				840BD7362B8883F90006C9F0 /* SceneDelegate.swift */,
				840BD7712B889CE70006C9F0 /* NetworkManger */,
				840BD7702B889CD90006C9F0 /* Model */,
				840BD7722B889CF60006C9F0 /* ViewModel */,
				84D9C0082B89D635003A83F8 /* View */,
				840BD73D2B8883FA0006C9F0 /* Assets.xcassets */,
				840BD73F2B8883FA0006C9F0 /* LaunchScreen.storyboard */,
				840BD7422B8883FA0006C9F0 /* Info.plist */,
			);
			path = "BT-Photos-Assessment";
			sourceTree = "<group>";
		};
		840BD74A2B8883FA0006C9F0 /* BT-Photos-AssessmentTests */ = {
			isa = PBXGroup;
			children = (
				840BD74B2B8883FA0006C9F0 /* BT_Photos_AssessmentTests.swift */,
			);
			path = "BT-Photos-AssessmentTests";
			sourceTree = "<group>";
		};
		840BD7542B8883FA0006C9F0 /* BT-Photos-AssessmentUITests */ = {
			isa = PBXGroup;
			children = (
				840BD7552B8883FA0006C9F0 /* BT_Photos_AssessmentUITests.swift */,
				840BD7572B8883FA0006C9F0 /* BT_Photos_AssessmentUITestsLaunchTests.swift */,
			);
			path = "BT-Photos-AssessmentUITests";
			sourceTree = "<group>";
		};
		840BD7702B889CD90006C9F0 /* Model */ = {
			isa = PBXGroup;
			children = (
				840BD76A2B889CA70006C9F0 /* PhotosModel.swift */,
			);
			path = Model;
			sourceTree = "<group>";
		};
		840BD7712B889CE70006C9F0 /* NetworkManger */ = {
			isa = PBXGroup;
			children = (
				840BD76C2B889CB40006C9F0 /* NetworkManager.swift */,
			);
			path = NetworkManger;
			sourceTree = "<group>";
		};
		840BD7722B889CF60006C9F0 /* ViewModel */ = {
			isa = PBXGroup;
			children = (
				840BD76E2B889CCA0006C9F0 /* PhotosViewModel.swift */,
			);
			path = ViewModel;
			sourceTree = "<group>";
		};
		84D9C0082B89D635003A83F8 /* View */ = {
			isa = PBXGroup;
			children = (
				840BD7382B8883F90006C9F0 /* HomeViewController.swift */,
				840BD7682B888C080006C9F0 /* DetailsViewController.swift */,
				840BD7642B8887F10006C9F0 /* PhotoCollectionViewCell.swift */,
				840BD7652B8887F10006C9F0 /* PhotoCollectionViewCell.xib */,
				840BD73A2B8883F90006C9F0 /* Main.storyboard */,
			);
			path = View;
			sourceTree = "<group>";
		};
/* End PBXGroup section */

/* Begin PBXNativeTarget section */
		840BD7302B8883F90006C9F0 /* BT-Photos-Assessment */ = {
			isa = PBXNativeTarget;
			buildConfigurationList = 840BD75B2B8883FA0006C9F0 /* Build configuration list for PBXNativeTarget "BT-Photos-Assessment" */;
			buildPhases = (
				840BD72D2B8883F90006C9F0 /* Sources */,
				840BD72E2B8883F90006C9F0 /* Frameworks */,
				840BD72F2B8883F90006C9F0 /* Resources */,
			);
			buildRules = (
			);
			dependencies = (
			);
			name = "BT-Photos-Assessment";
			productName = "BT-Photos-Assessment";
			productReference = 840BD7312B8883F90006C9F0 /* BT-Photos-Assessment.app */;
			productType = "com.apple.product-type.application";
		};
		840BD7462B8883FA0006C9F0 /* BT-Photos-AssessmentTests */ = {
			isa = PBXNativeTarget;
			buildConfigurationList = 840BD75E2B8883FA0006C9F0 /* Build configuration list for PBXNativeTarget "BT-Photos-AssessmentTests" */;
			buildPhases = (
				840BD7432B8883FA0006C9F0 /* Sources */,
				840BD7442B8883FA0006C9F0 /* Frameworks */,
				840BD7452B8883FA0006C9F0 /* Resources */,
			);
			buildRules = (
			);
			dependencies = (
				840BD7492B8883FA0006C9F0 /* PBXTargetDependency */,
			);
			name = "BT-Photos-AssessmentTests";
			productName = "BT-Photos-AssessmentTests";
			productReference = 840BD7472B8883FA0006C9F0 /* BT-Photos-AssessmentTests.xctest */;
			productType = "com.apple.product-type.bundle.unit-test";
		};
		840BD7502B8883FA0006C9F0 /* BT-Photos-AssessmentUITests */ = {
			isa = PBXNativeTarget;
			buildConfigurationList = 840BD7612B8883FA0006C9F0 /* Build configuration list for PBXNativeTarget "BT-Photos-AssessmentUITests" */;
			buildPhases = (
				840BD74D2B8883FA0006C9F0 /* Sources */,
				840BD74E2B8883FA0006C9F0 /* Frameworks */,
				840BD74F2B8883FA0006C9F0 /* Resources */,
			);
			buildRules = (
			);
			dependencies = (
				840BD7532B8883FA0006C9F0 /* PBXTargetDependency */,
			);
			name = "BT-Photos-AssessmentUITests";
			productName = "BT-Photos-AssessmentUITests";
			productReference = 840BD7512B8883FA0006C9F0 /* BT-Photos-AssessmentUITests.xctest */;
			productType = "com.apple.product-type.bundle.ui-testing";
		};
/* End PBXNativeTarget section */

/* Begin PBXProject section */
		840BD7292B8883F90006C9F0 /* Project object */ = {
			isa = PBXProject;
			attributes = {
				BuildIndependentTargetsInParallel = 1;
				LastSwiftUpdateCheck = 1520;
				LastUpgradeCheck = 1520;
				TargetAttributes = {
					840BD7302B8883F90006C9F0 = {
						CreatedOnToolsVersion = 15.2;
					};
					840BD7462B8883FA0006C9F0 = {
						CreatedOnToolsVersion = 15.2;
						TestTargetID = 840BD7302B8883F90006C9F0;
					};
					840BD7502B8883FA0006C9F0 = {
						CreatedOnToolsVersion = 15.2;
						TestTargetID = 840BD7302B8883F90006C9F0;
					};
				};
			};
			buildConfigurationList = 840BD72C2B8883F90006C9F0 /* Build configuration list for PBXProject "BT-Photos-Assessment" */;
			compatibilityVersion = "Xcode 14.0";
			developmentRegion = en;
			hasScannedForEncodings = 0;
			knownRegions = (
				en,
				Base,
			);
			mainGroup = 840BD7282B8883F90006C9F0;
			productRefGroup = 840BD7322B8883F90006C9F0 /* Products */;
			projectDirPath = "";
			projectRoot = "";
			targets = (
				840BD7302B8883F90006C9F0 /* BT-Photos-Assessment */,
				840BD7462B8883FA0006C9F0 /* BT-Photos-AssessmentTests */,
				840BD7502B8883FA0006C9F0 /* BT-Photos-AssessmentUITests */,
			);
		};
/* End PBXProject section */

/* Begin PBXResourcesBuildPhase section */
		840BD72F2B8883F90006C9F0 /* Resources */ = {
			isa = PBXResourcesBuildPhase;
			buildActionMask = 2147483647;
			files = (
				840BD7412B8883FA0006C9F0 /* LaunchScreen.storyboard in Resources */,
				840BD7672B8887F10006C9F0 /* PhotoCollectionViewCell.xib in Resources */,
				840BD73E2B8883FA0006C9F0 /* Assets.xcassets in Resources */,
				840BD73C2B8883F90006C9F0 /* Main.storyboard in Resources */,
			);
			runOnlyForDeploymentPostprocessing = 0;
		};
		840BD7452B8883FA0006C9F0 /* Resources */ = {
			isa = PBXResourcesBuildPhase;
			buildActionMask = 2147483647;
			files = (
			);
			runOnlyForDeploymentPostprocessing = 0;
		};
		840BD74F2B8883FA0006C9F0 /* Resources */ = {
			isa = PBXResourcesBuildPhase;
			buildActionMask = 2147483647;
			files = (
			);
			runOnlyForDeploymentPostprocessing = 0;
		};
/* End PBXResourcesBuildPhase section */

/* Begin PBXSourcesBuildPhase section */
		840BD72D2B8883F90006C9F0 /* Sources */ = {
			isa = PBXSourcesBuildPhase;
			buildActionMask = 2147483647;
			files = (
				840BD7392B8883F90006C9F0 /* HomeViewController.swift in Sources */,
				840BD76F2B889CCA0006C9F0 /* PhotosViewModel.swift in Sources */,
				840BD7662B8887F10006C9F0 /* PhotoCollectionViewCell.swift in Sources */,
				840BD76B2B889CA70006C9F0 /* PhotosModel.swift in Sources */,
				840BD76D2B889CB40006C9F0 /* NetworkManager.swift in Sources */,
				840BD7352B8883F90006C9F0 /* AppDelegate.swift in Sources */,
				840BD7372B8883F90006C9F0 /* SceneDelegate.swift in Sources */,
				840BD7692B888C080006C9F0 /* DetailsViewController.swift in Sources */,
			);
			runOnlyForDeploymentPostprocessing = 0;
		};
		840BD7432B8883FA0006C9F0 /* Sources */ = {
			isa = PBXSourcesBuildPhase;
			buildActionMask = 2147483647;
			files = (
				840BD74C2B8883FA0006C9F0 /* BT_Photos_AssessmentTests.swift in Sources */,
			);
			runOnlyForDeploymentPostprocessing = 0;
		};
		840BD74D2B8883FA0006C9F0 /* Sources */ = {
			isa = PBXSourcesBuildPhase;
			buildActionMask = 2147483647;
			files = (
				840BD7562B8883FA0006C9F0 /* BT_Photos_AssessmentUITests.swift in Sources */,
				840BD7582B8883FA0006C9F0 /* BT_Photos_AssessmentUITestsLaunchTests.swift in Sources */,
			);
			runOnlyForDeploymentPostprocessing = 0;
		};
/* End PBXSourcesBuildPhase section */

/* Begin PBXTargetDependency section */
		840BD7492B8883FA0006C9F0 /* PBXTargetDependency */ = {
			isa = PBXTargetDependency;
			target = 840BD7302B8883F90006C9F0 /* BT-Photos-Assessment */;
			targetProxy = 840BD7482B8883FA0006C9F0 /* PBXContainerItemProxy */;
		};
		840BD7532B8883FA0006C9F0 /* PBXTargetDependency */ = {
			isa = PBXTargetDependency;
			target = 840BD7302B8883F90006C9F0 /* BT-Photos-Assessment */;
			targetProxy = 840BD7522B8883FA0006C9F0 /* PBXContainerItemProxy */;
		};
/* End PBXTargetDependency section */

/* Begin PBXVariantGroup section */
		840BD73A2B8883F90006C9F0 /* Main.storyboard */ = {
			isa = PBXVariantGroup;
			children = (
				840BD73B2B8883F90006C9F0 /* Base */,
			);
			name = Main.storyboard;
			sourceTree = "<group>";
		};
		840BD73F2B8883FA0006C9F0 /* LaunchScreen.storyboard */ = {
			isa = PBXVariantGroup;
			children = (
				840BD7402B8883FA0006C9F0 /* Base */,
			);
			name = LaunchScreen.storyboard;
			sourceTree = "<group>";
		};
/* End PBXVariantGroup section */

/* Begin XCBuildConfiguration section */
		840BD7592B8883FA0006C9F0 /* Debug */ = {
			isa = XCBuildConfiguration;
			buildSettings = {
				ALWAYS_SEARCH_USER_PATHS = NO;
				ASSETCATALOG_COMPILER_GENERATE_SWIFT_ASSET_SYMBOL_EXTENSIONS = YES;
				CLANG_ANALYZER_NONNULL = YES;
				CLANG_ANALYZER_NUMBER_OBJECT_CONVERSION = YES_AGGRESSIVE;
				CLANG_CXX_LANGUAGE_STANDARD = "gnu++20";
				CLANG_ENABLE_MODULES = YES;
				CLANG_ENABLE_OBJC_ARC = YES;
				CLANG_ENABLE_OBJC_WEAK = YES;
				CLANG_WARN_BLOCK_CAPTURE_AUTORELEASING = YES;
				CLANG_WARN_BOOL_CONVERSION = YES;
				CLANG_WARN_COMMA = YES;
				CLANG_WARN_CONSTANT_CONVERSION = YES;
				CLANG_WARN_DEPRECATED_OBJC_IMPLEMENTATIONS = YES;
				CLANG_WARN_DIRECT_OBJC_ISA_USAGE = YES_ERROR;
				CLANG_WARN_DOCUMENTATION_COMMENTS = YES;
				CLANG_WARN_EMPTY_BODY = YES;
				CLANG_WARN_ENUM_CONVERSION = YES;
				CLANG_WARN_INFINITE_RECURSION = YES;
				CLANG_WARN_INT_CONVERSION = YES;
				CLANG_WARN_NON_LITERAL_NULL_CONVERSION = YES;
				CLANG_WARN_OBJC_IMPLICIT_RETAIN_SELF = YES;
				CLANG_WARN_OBJC_LITERAL_CONVERSION = YES;
				CLANG_WARN_OBJC_ROOT_CLASS = YES_ERROR;
				CLANG_WARN_QUOTED_INCLUDE_IN_FRAMEWORK_HEADER = YES;
				CLANG_WARN_RANGE_LOOP_ANALYSIS = YES;
				CLANG_WARN_STRICT_PROTOTYPES = YES;
				CLANG_WARN_SUSPICIOUS_MOVE = YES;
				CLANG_WARN_UNGUARDED_AVAILABILITY = YES_AGGRESSIVE;
				CLANG_WARN_UNREACHABLE_CODE = YES;
				CLANG_WARN__DUPLICATE_METHOD_MATCH = YES;
				COPY_PHASE_STRIP = NO;
				DEBUG_INFORMATION_FORMAT = dwarf;
				ENABLE_STRICT_OBJC_MSGSEND = YES;
				ENABLE_TESTABILITY = YES;
				ENABLE_USER_SCRIPT_SANDBOXING = YES;
				GCC_C_LANGUAGE_STANDARD = gnu17;
				GCC_DYNAMIC_NO_PIC = NO;
				GCC_NO_COMMON_BLOCKS = YES;
				GCC_OPTIMIZATION_LEVEL = 0;
				GCC_PREPROCESSOR_DEFINITIONS = (
					"DEBUG=1",
					"$(inherited)",
				);
				GCC_WARN_64_TO_32_BIT_CONVERSION = YES;
				GCC_WARN_ABOUT_RETURN_TYPE = YES_ERROR;
				GCC_WARN_UNDECLARED_SELECTOR = YES;
				GCC_WARN_UNINITIALIZED_AUTOS = YES_AGGRESSIVE;
				GCC_WARN_UNUSED_FUNCTION = YES;
				GCC_WARN_UNUSED_VARIABLE = YES;
				IPHONEOS_DEPLOYMENT_TARGET = 13.0;
				LOCALIZATION_PREFERS_STRING_CATALOGS = YES;
				MTL_ENABLE_DEBUG_INFO = INCLUDE_SOURCE;
				MTL_FAST_MATH = YES;
				ONLY_ACTIVE_ARCH = YES;
				SDKROOT = iphoneos;
				SWIFT_ACTIVE_COMPILATION_CONDITIONS = "DEBUG $(inherited)";
				SWIFT_OPTIMIZATION_LEVEL = "-Onone";
			};
			name = Debug;
		};
		840BD75A2B8883FA0006C9F0 /* Release */ = {
			isa = XCBuildConfiguration;
			buildSettings = {
				ALWAYS_SEARCH_USER_PATHS = NO;
				ASSETCATALOG_COMPILER_GENERATE_SWIFT_ASSET_SYMBOL_EXTENSIONS = YES;
				CLANG_ANALYZER_NONNULL = YES;
				CLANG_ANALYZER_NUMBER_OBJECT_CONVERSION = YES_AGGRESSIVE;
				CLANG_CXX_LANGUAGE_STANDARD = "gnu++20";
				CLANG_ENABLE_MODULES = YES;
				CLANG_ENABLE_OBJC_ARC = YES;
				CLANG_ENABLE_OBJC_WEAK = YES;
				CLANG_WARN_BLOCK_CAPTURE_AUTORELEASING = YES;
				CLANG_WARN_BOOL_CONVERSION = YES;
				CLANG_WARN_COMMA = YES;
				CLANG_WARN_CONSTANT_CONVERSION = YES;
				CLANG_WARN_DEPRECATED_OBJC_IMPLEMENTATIONS = YES;
				CLANG_WARN_DIRECT_OBJC_ISA_USAGE = YES_ERROR;
				CLANG_WARN_DOCUMENTATION_COMMENTS = YES;
				CLANG_WARN_EMPTY_BODY = YES;
				CLANG_WARN_ENUM_CONVERSION = YES;
				CLANG_WARN_INFINITE_RECURSION = YES;
				CLANG_WARN_INT_CONVERSION = YES;
				CLANG_WARN_NON_LITERAL_NULL_CONVERSION = YES;
				CLANG_WARN_OBJC_IMPLICIT_RETAIN_SELF = YES;
				CLANG_WARN_OBJC_LITERAL_CONVERSION = YES;
				CLANG_WARN_OBJC_ROOT_CLASS = YES_ERROR;
				CLANG_WARN_QUOTED_INCLUDE_IN_FRAMEWORK_HEADER = YES;
				CLANG_WARN_RANGE_LOOP_ANALYSIS = YES;
				CLANG_WARN_STRICT_PROTOTYPES = YES;
				CLANG_WARN_SUSPICIOUS_MOVE = YES;
				CLANG_WARN_UNGUARDED_AVAILABILITY = YES_AGGRESSIVE;
				CLANG_WARN_UNREACHABLE_CODE = YES;
				CLANG_WARN__DUPLICATE_METHOD_MATCH = YES;
				COPY_PHASE_STRIP = NO;
				DEBUG_INFORMATION_FORMAT = "dwarf-with-dsym";
				ENABLE_NS_ASSERTIONS = NO;
				ENABLE_STRICT_OBJC_MSGSEND = YES;
				ENABLE_USER_SCRIPT_SANDBOXING = YES;
				GCC_C_LANGUAGE_STANDARD = gnu17;
				GCC_NO_COMMON_BLOCKS = YES;
				GCC_WARN_64_TO_32_BIT_CONVERSION = YES;
				GCC_WARN_ABOUT_RETURN_TYPE = YES_ERROR;
				GCC_WARN_UNDECLARED_SELECTOR = YES;
				GCC_WARN_UNINITIALIZED_AUTOS = YES_AGGRESSIVE;
				GCC_WARN_UNUSED_FUNCTION = YES;
				GCC_WARN_UNUSED_VARIABLE = YES;
				IPHONEOS_DEPLOYMENT_TARGET = 13.0;
				LOCALIZATION_PREFERS_STRING_CATALOGS = YES;
				MTL_ENABLE_DEBUG_INFO = NO;
				MTL_FAST_MATH = YES;
				SDKROOT = iphoneos;
				SWIFT_COMPILATION_MODE = wholemodule;
				VALIDATE_PRODUCT = YES;
			};
			name = Release;
		};
		840BD75C2B8883FA0006C9F0 /* Debug */ = {
			isa = XCBuildConfiguration;
			buildSettings = {
				ASSETCATALOG_COMPILER_APPICON_NAME = AppIcon;
				ASSETCATALOG_COMPILER_GLOBAL_ACCENT_COLOR_NAME = AccentColor;
				CODE_SIGN_STYLE = Automatic;
				CURRENT_PROJECT_VERSION = 1;
				GENERATE_INFOPLIST_FILE = YES;
				INFOPLIST_FILE = "BT-Photos-Assessment/Info.plist";
				INFOPLIST_KEY_CFBundleDisplayName = "BT-Photos";
				INFOPLIST_KEY_UIApplicationSupportsIndirectInputEvents = YES;
				INFOPLIST_KEY_UILaunchStoryboardName = LaunchScreen;
				INFOPLIST_KEY_UIMainStoryboardFile = Main;
				INFOPLIST_KEY_UISupportedInterfaceOrientations_iPad = "UIInterfaceOrientationPortrait UIInterfaceOrientationPortraitUpsideDown UIInterfaceOrientationLandscapeLeft UIInterfaceOrientationLandscapeRight";
				INFOPLIST_KEY_UISupportedInterfaceOrientations_iPhone = "UIInterfaceOrientationPortrait UIInterfaceOrientationLandscapeLeft UIInterfaceOrientationLandscapeRight";
				IPHONEOS_DEPLOYMENT_TARGET = 13.0;
				LD_RUNPATH_SEARCH_PATHS = (
					"$(inherited)",
					"@executable_path/Frameworks",
				);
				MARKETING_VERSION = 1.0;
				PRODUCT_BUNDLE_IDENTIFIER = "Nanthini.BT-Photos-Assessment";
				PRODUCT_NAME = "$(TARGET_NAME)";
				SWIFT_EMIT_LOC_STRINGS = YES;
				SWIFT_VERSION = 5.0;
				TARGETED_DEVICE_FAMILY = "1,2";
			};
			name = Debug;
		};
		840BD75D2B8883FA0006C9F0 /* Release */ = {
			isa = XCBuildConfiguration;
			buildSettings = {
				ASSETCATALOG_COMPILER_APPICON_NAME = AppIcon;
				ASSETCATALOG_COMPILER_GLOBAL_ACCENT_COLOR_NAME = AccentColor;
				CODE_SIGN_STYLE = Automatic;
				CURRENT_PROJECT_VERSION = 1;
				GENERATE_INFOPLIST_FILE = YES;
				INFOPLIST_FILE = "BT-Photos-Assessment/Info.plist";
				INFOPLIST_KEY_CFBundleDisplayName = "BT-Photos";
				INFOPLIST_KEY_UIApplicationSupportsIndirectInputEvents = YES;
				INFOPLIST_KEY_UILaunchStoryboardName = LaunchScreen;
				INFOPLIST_KEY_UIMainStoryboardFile = Main;
				INFOPLIST_KEY_UISupportedInterfaceOrientations_iPad = "UIInterfaceOrientationPortrait UIInterfaceOrientationPortraitUpsideDown UIInterfaceOrientationLandscapeLeft UIInterfaceOrientationLandscapeRight";
				INFOPLIST_KEY_UISupportedInterfaceOrientations_iPhone = "UIInterfaceOrientationPortrait UIInterfaceOrientationLandscapeLeft UIInterfaceOrientationLandscapeRight";
				IPHONEOS_DEPLOYMENT_TARGET = 13.0;
				LD_RUNPATH_SEARCH_PATHS = (
					"$(inherited)",
					"@executable_path/Frameworks",
				);
				MARKETING_VERSION = 1.0;
				PRODUCT_BUNDLE_IDENTIFIER = "Nanthini.BT-Photos-Assessment";
				PRODUCT_NAME = "$(TARGET_NAME)";
				SWIFT_EMIT_LOC_STRINGS = YES;
				SWIFT_VERSION = 5.0;
				TARGETED_DEVICE_FAMILY = "1,2";
			};
			name = Release;
		};
		840BD75F2B8883FA0006C9F0 /* Debug */ = {
			isa = XCBuildConfiguration;
			buildSettings = {
				ALWAYS_EMBED_SWIFT_STANDARD_LIBRARIES = YES;
				BUNDLE_LOADER = "$(TEST_HOST)";
				CODE_SIGN_STYLE = Automatic;
				CURRENT_PROJECT_VERSION = 1;
				GENERATE_INFOPLIST_FILE = YES;
				IPHONEOS_DEPLOYMENT_TARGET = 13.0;
				MARKETING_VERSION = 1.0;
				PRODUCT_BUNDLE_IDENTIFIER = "Nanthini.BT-Photos-AssessmentTests";
				PRODUCT_NAME = "$(TARGET_NAME)";
				SWIFT_EMIT_LOC_STRINGS = NO;
				SWIFT_VERSION = 5.0;
				TARGETED_DEVICE_FAMILY = "1,2";
				TEST_HOST = "$(BUILT_PRODUCTS_DIR)/BT-Photos-Assessment.app/$(BUNDLE_EXECUTABLE_FOLDER_PATH)/BT-Photos-Assessment";
			};
			name = Debug;
		};
		840BD7602B8883FA0006C9F0 /* Release */ = {
			isa = XCBuildConfiguration;
			buildSettings = {
				ALWAYS_EMBED_SWIFT_STANDARD_LIBRARIES = YES;
				BUNDLE_LOADER = "$(TEST_HOST)";
				CODE_SIGN_STYLE = Automatic;
				CURRENT_PROJECT_VERSION = 1;
				GENERATE_INFOPLIST_FILE = YES;
				IPHONEOS_DEPLOYMENT_TARGET = 13.0;
				MARKETING_VERSION = 1.0;
				PRODUCT_BUNDLE_IDENTIFIER = "Nanthini.BT-Photos-AssessmentTests";
				PRODUCT_NAME = "$(TARGET_NAME)";
				SWIFT_EMIT_LOC_STRINGS = NO;
				SWIFT_VERSION = 5.0;
				TARGETED_DEVICE_FAMILY = "1,2";
				TEST_HOST = "$(BUILT_PRODUCTS_DIR)/BT-Photos-Assessment.app/$(BUNDLE_EXECUTABLE_FOLDER_PATH)/BT-Photos-Assessment";
			};
			name = Release;
		};
		840BD7622B8883FA0006C9F0 /* Debug */ = {
			isa = XCBuildConfiguration;
			buildSettings = {
				ALWAYS_EMBED_SWIFT_STANDARD_LIBRARIES = YES;
				CODE_SIGN_STYLE = Automatic;
				CURRENT_PROJECT_VERSION = 1;
				GENERATE_INFOPLIST_FILE = YES;
				MARKETING_VERSION = 1.0;
				PRODUCT_BUNDLE_IDENTIFIER = "Nanthini.BT-Photos-AssessmentUITests";
				PRODUCT_NAME = "$(TARGET_NAME)";
				SWIFT_EMIT_LOC_STRINGS = NO;
				SWIFT_VERSION = 5.0;
				TARGETED_DEVICE_FAMILY = "1,2";
				TEST_TARGET_NAME = "BT-Photos-Assessment";
			};
			name = Debug;
		};
		840BD7632B8883FA0006C9F0 /* Release */ = {
			isa = XCBuildConfiguration;
			buildSettings = {
				ALWAYS_EMBED_SWIFT_STANDARD_LIBRARIES = YES;
				CODE_SIGN_STYLE = Automatic;
				CURRENT_PROJECT_VERSION = 1;
				GENERATE_INFOPLIST_FILE = YES;
				MARKETING_VERSION = 1.0;
				PRODUCT_BUNDLE_IDENTIFIER = "Nanthini.BT-Photos-AssessmentUITests";
				PRODUCT_NAME = "$(TARGET_NAME)";
				SWIFT_EMIT_LOC_STRINGS = NO;
				SWIFT_VERSION = 5.0;
				TARGETED_DEVICE_FAMILY = "1,2";
				TEST_TARGET_NAME = "BT-Photos-Assessment";
			};
			name = Release;
		};
/* End XCBuildConfiguration section */

/* Begin XCConfigurationList section */
		840BD72C2B8883F90006C9F0 /* Build configuration list for PBXProject "BT-Photos-Assessment" */ = {
			isa = XCConfigurationList;
			buildConfigurations = (
				840BD7592B8883FA0006C9F0 /* Debug */,
				840BD75A2B8883FA0006C9F0 /* Release */,
			);
			defaultConfigurationIsVisible = 0;
			defaultConfigurationName = Release;
		};
		840BD75B2B8883FA0006C9F0 /* Build configuration list for PBXNativeTarget "BT-Photos-Assessment" */ = {
			isa = XCConfigurationList;
			buildConfigurations = (
				840BD75C2B8883FA0006C9F0 /* Debug */,
				840BD75D2B8883FA0006C9F0 /* Release */,
			);
			defaultConfigurationIsVisible = 0;
			defaultConfigurationName = Release;
		};
		840BD75E2B8883FA0006C9F0 /* Build configuration list for PBXNativeTarget "BT-Photos-AssessmentTests" */ = {
			isa = XCConfigurationList;
			buildConfigurations = (
				840BD75F2B8883FA0006C9F0 /* Debug */,
				840BD7602B8883FA0006C9F0 /* Release */,
			);
			defaultConfigurationIsVisible = 0;
			defaultConfigurationName = Release;
		};
		840BD7612B8883FA0006C9F0 /* Build configuration list for PBXNativeTarget "BT-Photos-AssessmentUITests" */ = {
			isa = XCConfigurationList;
			buildConfigurations = (
				840BD7622B8883FA0006C9F0 /* Debug */,
				840BD7632B8883FA0006C9F0 /* Release */,
			);
			defaultConfigurationIsVisible = 0;
			defaultConfigurationName = Release;
		};
/* End XCConfigurationList section */
	};
	rootObject = 840BD7292B8883F90006C9F0 /* Project object */;
}
